// !$*UTF8*$!
{
	archiveVersion = 1;
	classes = {
	};
	objectVersion = 56;
	objects = {

/* Begin PBXBuildFile section */
		7909349C2BD8074800E50583 /* YumemiCodeCheckApp.swift in Sources */ = {isa = PBXBuildFile; fileRef = 7909349B2BD8074800E50583 /* YumemiCodeCheckApp.swift */; };
		7909349E2BD8074800E50583 /* ContentView.swift in Sources */ = {isa = PBXBuildFile; fileRef = 7909349D2BD8074800E50583 /* ContentView.swift */; };
		790934A02BD8074900E50583 /* Assets.xcassets in Resources */ = {isa = PBXBuildFile; fileRef = 7909349F2BD8074900E50583 /* Assets.xcassets */; };
		790934A32BD8074900E50583 /* Preview Assets.xcassets in Resources */ = {isa = PBXBuildFile; fileRef = 790934A22BD8074900E50583 /* Preview Assets.xcassets */; };
		790934AD2BD8074900E50583 /* YumemiCodeCheckTests.swift in Sources */ = {isa = PBXBuildFile; fileRef = 790934AC2BD8074900E50583 /* YumemiCodeCheckTests.swift */; };
		790934B72BD8074900E50583 /* YumemiCodeCheckUITests.swift in Sources */ = {isa = PBXBuildFile; fileRef = 790934B62BD8074900E50583 /* YumemiCodeCheckUITests.swift */; };
		790934B92BD8074900E50583 /* YumemiCodeCheckUITestsLaunchTests.swift in Sources */ = {isa = PBXBuildFile; fileRef = 790934B82BD8074900E50583 /* YumemiCodeCheckUITestsLaunchTests.swift */; };
		790934CA2BD943D700E50583 /* PersonInputView.swift in Sources */ = {isa = PBXBuildFile; fileRef = 790934C92BD943D700E50583 /* PersonInputView.swift */; };
		790934CD2BD9479E00E50583 /* ContentViewModel.swift in Sources */ = {isa = PBXBuildFile; fileRef = 790934CC2BD9479E00E50583 /* ContentViewModel.swift */; };
		790934D02BDBA6C800E50583 /* Person.swift in Sources */ = {isa = PBXBuildFile; fileRef = 790934CF2BDBA6C800E50583 /* Person.swift */; };
		790934D22BDE702100E50583 /* Prefecture.swift in Sources */ = {isa = PBXBuildFile; fileRef = 790934D12BDE702100E50583 /* Prefecture.swift */; };
		790934D42BDE75D800E50583 /* YumemiAPIRequest.swift in Sources */ = {isa = PBXBuildFile; fileRef = 790934D32BDE75D800E50583 /* YumemiAPIRequest.swift */; };
		790934D62BDE76AB00E50583 /* YumemiAPIClient.swift in Sources */ = {isa = PBXBuildFile; fileRef = 790934D52BDE76AB00E50583 /* YumemiAPIClient.swift */; };
		790934D82BDE771600E50583 /* URLRequestBuilder.swift in Sources */ = {isa = PBXBuildFile; fileRef = 790934D72BDE771600E50583 /* URLRequestBuilder.swift */; };
		790934DC2BDE8A8300E50583 /* YearMonthDay.swift in Sources */ = {isa = PBXBuildFile; fileRef = 790934DB2BDE8A8300E50583 /* YearMonthDay.swift */; };
		790934DE2BDE8A9D00E50583 /* Blood.swift in Sources */ = {isa = PBXBuildFile; fileRef = 790934DD2BDE8A9D00E50583 /* Blood.swift */; };
		790934E12BDE8AF000E50583 /* MonthDay.swift in Sources */ = {isa = PBXBuildFile; fileRef = 790934E02BDE8AF000E50583 /* MonthDay.swift */; };
		790934E32BDE8F9800E50583 /* PrefectureView.swift in Sources */ = {isa = PBXBuildFile; fileRef = 790934E22BDE8F9800E50583 /* PrefectureView.swift */; };
/* End PBXBuildFile section */

/* Begin PBXContainerItemProxy section */
		790934A92BD8074900E50583 /* PBXContainerItemProxy */ = {
			isa = PBXContainerItemProxy;
			containerPortal = 790934902BD8074800E50583 /* Project object */;
			proxyType = 1;
			remoteGlobalIDString = 790934972BD8074800E50583;
			remoteInfo = YumemiCodeCheck;
		};
		790934B32BD8074900E50583 /* PBXContainerItemProxy */ = {
			isa = PBXContainerItemProxy;
			containerPortal = 790934902BD8074800E50583 /* Project object */;
			proxyType = 1;
			remoteGlobalIDString = 790934972BD8074800E50583;
			remoteInfo = YumemiCodeCheck;
		};
/* End PBXContainerItemProxy section */

/* Begin PBXFileReference section */
		790934982BD8074800E50583 /* YumemiCodeCheck.app */ = {isa = PBXFileReference; explicitFileType = wrapper.application; includeInIndex = 0; path = YumemiCodeCheck.app; sourceTree = BUILT_PRODUCTS_DIR; };
		7909349B2BD8074800E50583 /* YumemiCodeCheckApp.swift */ = {isa = PBXFileReference; lastKnownFileType = sourcecode.swift; path = YumemiCodeCheckApp.swift; sourceTree = "<group>"; };
		7909349D2BD8074800E50583 /* ContentView.swift */ = {isa = PBXFileReference; lastKnownFileType = sourcecode.swift; path = ContentView.swift; sourceTree = "<group>"; };
		7909349F2BD8074900E50583 /* Assets.xcassets */ = {isa = PBXFileReference; lastKnownFileType = folder.assetcatalog; path = Assets.xcassets; sourceTree = "<group>"; };
		790934A22BD8074900E50583 /* Preview Assets.xcassets */ = {isa = PBXFileReference; lastKnownFileType = folder.assetcatalog; path = "Preview Assets.xcassets"; sourceTree = "<group>"; };
		790934A82BD8074900E50583 /* YumemiCodeCheckTests.xctest */ = {isa = PBXFileReference; explicitFileType = wrapper.cfbundle; includeInIndex = 0; path = YumemiCodeCheckTests.xctest; sourceTree = BUILT_PRODUCTS_DIR; };
		790934AC2BD8074900E50583 /* YumemiCodeCheckTests.swift */ = {isa = PBXFileReference; lastKnownFileType = sourcecode.swift; path = YumemiCodeCheckTests.swift; sourceTree = "<group>"; };
		790934B22BD8074900E50583 /* YumemiCodeCheckUITests.xctest */ = {isa = PBXFileReference; explicitFileType = wrapper.cfbundle; includeInIndex = 0; path = YumemiCodeCheckUITests.xctest; sourceTree = BUILT_PRODUCTS_DIR; };
		790934B62BD8074900E50583 /* YumemiCodeCheckUITests.swift */ = {isa = PBXFileReference; lastKnownFileType = sourcecode.swift; path = YumemiCodeCheckUITests.swift; sourceTree = "<group>"; };
		790934B82BD8074900E50583 /* YumemiCodeCheckUITestsLaunchTests.swift */ = {isa = PBXFileReference; lastKnownFileType = sourcecode.swift; path = YumemiCodeCheckUITestsLaunchTests.swift; sourceTree = "<group>"; };
		790934C92BD943D700E50583 /* PersonInputView.swift */ = {isa = PBXFileReference; lastKnownFileType = sourcecode.swift; path = PersonInputView.swift; sourceTree = "<group>"; };
		790934CC2BD9479E00E50583 /* ContentViewModel.swift */ = {isa = PBXFileReference; lastKnownFileType = sourcecode.swift; path = ContentViewModel.swift; sourceTree = "<group>"; };
		790934CF2BDBA6C800E50583 /* Person.swift */ = {isa = PBXFileReference; lastKnownFileType = sourcecode.swift; path = Person.swift; sourceTree = "<group>"; };
		790934D12BDE702100E50583 /* Prefecture.swift */ = {isa = PBXFileReference; lastKnownFileType = sourcecode.swift; path = Prefecture.swift; sourceTree = "<group>"; };
		790934D32BDE75D800E50583 /* YumemiAPIRequest.swift */ = {isa = PBXFileReference; lastKnownFileType = sourcecode.swift; path = YumemiAPIRequest.swift; sourceTree = "<group>"; };
		790934D52BDE76AB00E50583 /* YumemiAPIClient.swift */ = {isa = PBXFileReference; lastKnownFileType = sourcecode.swift; path = YumemiAPIClient.swift; sourceTree = "<group>"; };
		790934D72BDE771600E50583 /* URLRequestBuilder.swift */ = {isa = PBXFileReference; lastKnownFileType = sourcecode.swift; path = URLRequestBuilder.swift; sourceTree = "<group>"; };
		790934DB2BDE8A8300E50583 /* YearMonthDay.swift */ = {isa = PBXFileReference; lastKnownFileType = sourcecode.swift; path = YearMonthDay.swift; sourceTree = "<group>"; };
		790934DD2BDE8A9D00E50583 /* Blood.swift */ = {isa = PBXFileReference; lastKnownFileType = sourcecode.swift; path = Blood.swift; sourceTree = "<group>"; };
		790934E02BDE8AF000E50583 /* MonthDay.swift */ = {isa = PBXFileReference; lastKnownFileType = sourcecode.swift; path = MonthDay.swift; sourceTree = "<group>"; };
		790934E22BDE8F9800E50583 /* PrefectureView.swift */ = {isa = PBXFileReference; lastKnownFileType = sourcecode.swift; path = PrefectureView.swift; sourceTree = "<group>"; };
/* End PBXFileReference section */

/* Begin PBXFrameworksBuildPhase section */
		790934952BD8074800E50583 /* Frameworks */ = {
			isa = PBXFrameworksBuildPhase;
			buildActionMask = 2147483647;
			files = (
			);
			runOnlyForDeploymentPostprocessing = 0;
		};
		790934A52BD8074900E50583 /* Frameworks */ = {
			isa = PBXFrameworksBuildPhase;
			buildActionMask = 2147483647;
			files = (
			);
			runOnlyForDeploymentPostprocessing = 0;
		};
		790934AF2BD8074900E50583 /* Frameworks */ = {
			isa = PBXFrameworksBuildPhase;
			buildActionMask = 2147483647;
			files = (
			);
			runOnlyForDeploymentPostprocessing = 0;
		};
/* End PBXFrameworksBuildPhase section */

/* Begin PBXGroup section */
		7909348F2BD8074800E50583 = {
			isa = PBXGroup;
			children = (
				7909349A2BD8074800E50583 /* YumemiCodeCheck */,
				790934AB2BD8074900E50583 /* YumemiCodeCheckTests */,
				790934B52BD8074900E50583 /* YumemiCodeCheckUITests */,
				790934992BD8074800E50583 /* Products */,
			);
			sourceTree = "<group>";
		};
		790934992BD8074800E50583 /* Products */ = {
			isa = PBXGroup;
			children = (
				790934982BD8074800E50583 /* YumemiCodeCheck.app */,
				790934A82BD8074900E50583 /* YumemiCodeCheckTests.xctest */,
				790934B22BD8074900E50583 /* YumemiCodeCheckUITests.xctest */,
			);
			name = Products;
			sourceTree = "<group>";
		};
		7909349A2BD8074800E50583 /* YumemiCodeCheck */ = {
			isa = PBXGroup;
			children = (
				7909349B2BD8074800E50583 /* YumemiCodeCheckApp.swift */,
				790934CE2BDB9FCE00E50583 /* Models */,
				790934C82BD9394600E50583 /* Views */,
				790934CB2BD9477300E50583 /* ViewModels */,
				7909349F2BD8074900E50583 /* Assets.xcassets */,
				790934A12BD8074900E50583 /* Preview Content */,
			);
			path = YumemiCodeCheck;
			sourceTree = "<group>";
		};
		790934A12BD8074900E50583 /* Preview Content */ = {
			isa = PBXGroup;
			children = (
				790934A22BD8074900E50583 /* Preview Assets.xcassets */,
			);
			path = "Preview Content";
			sourceTree = "<group>";
		};
		790934AB2BD8074900E50583 /* YumemiCodeCheckTests */ = {
			isa = PBXGroup;
			children = (
				790934AC2BD8074900E50583 /* YumemiCodeCheckTests.swift */,
			);
			path = YumemiCodeCheckTests;
			sourceTree = "<group>";
		};
		790934B52BD8074900E50583 /* YumemiCodeCheckUITests */ = {
			isa = PBXGroup;
			children = (
				790934B62BD8074900E50583 /* YumemiCodeCheckUITests.swift */,
				790934B82BD8074900E50583 /* YumemiCodeCheckUITestsLaunchTests.swift */,
			);
			path = YumemiCodeCheckUITests;
			sourceTree = "<group>";
		};
		790934C82BD9394600E50583 /* Views */ = {
			isa = PBXGroup;
			children = (
				7909349D2BD8074800E50583 /* ContentView.swift */,
				790934C92BD943D700E50583 /* PersonInputView.swift */,
				790934E22BDE8F9800E50583 /* PrefectureView.swift */,
			);
			path = Views;
			sourceTree = "<group>";
		};
		790934CB2BD9477300E50583 /* ViewModels */ = {
			isa = PBXGroup;
			children = (
				790934CC2BD9479E00E50583 /* ContentViewModel.swift */,
			);
			path = ViewModels;
			sourceTree = "<group>";
		};
		790934CE2BDB9FCE00E50583 /* Models */ = {
			isa = PBXGroup;
			children = (
				790934DA2BDE8A6F00E50583 /* Person */,
				790934DF2BDE8ADF00E50583 /* Prefecture */,
				790934D52BDE76AB00E50583 /* YumemiAPIClient.swift */,
				790934D32BDE75D800E50583 /* YumemiAPIRequest.swift */,
				790934D72BDE771600E50583 /* URLRequestBuilder.swift */,
			);
			path = Models;
			sourceTree = "<group>";
		};
		790934DA2BDE8A6F00E50583 /* Person */ = {
			isa = PBXGroup;
			children = (
				790934CF2BDBA6C800E50583 /* Person.swift */,
				790934DB2BDE8A8300E50583 /* YearMonthDay.swift */,
				790934DD2BDE8A9D00E50583 /* Blood.swift */,
			);
			path = Person;
			sourceTree = "<group>";
		};
		790934DF2BDE8ADF00E50583 /* Prefecture */ = {
			isa = PBXGroup;
			children = (
				790934D12BDE702100E50583 /* Prefecture.swift */,
				790934E02BDE8AF000E50583 /* MonthDay.swift */,
			);
			path = Prefecture;
			sourceTree = "<group>";
		};
/* End PBXGroup section */

/* Begin PBXNativeTarget section */
		790934972BD8074800E50583 /* YumemiCodeCheck */ = {
			isa = PBXNativeTarget;
			buildConfigurationList = 790934BC2BD8074900E50583 /* Build configuration list for PBXNativeTarget "YumemiCodeCheck" */;
			buildPhases = (
				790934942BD8074800E50583 /* Sources */,
				790934952BD8074800E50583 /* Frameworks */,
				790934962BD8074800E50583 /* Resources */,
			);
			buildRules = (
			);
			dependencies = (
				790934C72BD9100E00E50583 /* PBXTargetDependency */,
			);
			name = YumemiCodeCheck;
			productName = YumemiCodeCheck;
			productReference = 790934982BD8074800E50583 /* YumemiCodeCheck.app */;
			productType = "com.apple.product-type.application";
		};
		790934A72BD8074900E50583 /* YumemiCodeCheckTests */ = {
			isa = PBXNativeTarget;
			buildConfigurationList = 790934BF2BD8074900E50583 /* Build configuration list for PBXNativeTarget "YumemiCodeCheckTests" */;
			buildPhases = (
				790934A42BD8074900E50583 /* Sources */,
				790934A52BD8074900E50583 /* Frameworks */,
				790934A62BD8074900E50583 /* Resources */,
			);
			buildRules = (
			);
			dependencies = (
				790934AA2BD8074900E50583 /* PBXTargetDependency */,
			);
			name = YumemiCodeCheckTests;
			productName = YumemiCodeCheckTests;
			productReference = 790934A82BD8074900E50583 /* YumemiCodeCheckTests.xctest */;
			productType = "com.apple.product-type.bundle.unit-test";
		};
		790934B12BD8074900E50583 /* YumemiCodeCheckUITests */ = {
			isa = PBXNativeTarget;
			buildConfigurationList = 790934C22BD8074900E50583 /* Build configuration list for PBXNativeTarget "YumemiCodeCheckUITests" */;
			buildPhases = (
				790934AE2BD8074900E50583 /* Sources */,
				790934AF2BD8074900E50583 /* Frameworks */,
				790934B02BD8074900E50583 /* Resources */,
			);
			buildRules = (
			);
			dependencies = (
				790934B42BD8074900E50583 /* PBXTargetDependency */,
			);
			name = YumemiCodeCheckUITests;
			productName = YumemiCodeCheckUITests;
			productReference = 790934B22BD8074900E50583 /* YumemiCodeCheckUITests.xctest */;
			productType = "com.apple.product-type.bundle.ui-testing";
		};
/* End PBXNativeTarget section */

/* Begin PBXProject section */
		790934902BD8074800E50583 /* Project object */ = {
			isa = PBXProject;
			attributes = {
				BuildIndependentTargetsInParallel = 1;
				LastSwiftUpdateCheck = 1520;
				LastUpgradeCheck = 1520;
				TargetAttributes = {
					790934972BD8074800E50583 = {
						CreatedOnToolsVersion = 15.2;
					};
					790934A72BD8074900E50583 = {
						CreatedOnToolsVersion = 15.2;
						TestTargetID = 790934972BD8074800E50583;
					};
					790934B12BD8074900E50583 = {
						CreatedOnToolsVersion = 15.2;
						TestTargetID = 790934972BD8074800E50583;
					};
				};
			};
			buildConfigurationList = 790934932BD8074800E50583 /* Build configuration list for PBXProject "YumemiCodeCheck" */;
			compatibilityVersion = "Xcode 14.0";
			developmentRegion = en;
			hasScannedForEncodings = 0;
			knownRegions = (
				en,
				Base,
			);
			mainGroup = 7909348F2BD8074800E50583;
			packageReferences = (
				790934C52BD90D0C00E50583 /* XCRemoteSwiftPackageReference "SwiftLint" */,
			);
			productRefGroup = 790934992BD8074800E50583 /* Products */;
			projectDirPath = "";
			projectRoot = "";
			targets = (
				790934972BD8074800E50583 /* YumemiCodeCheck */,
				790934A72BD8074900E50583 /* YumemiCodeCheckTests */,
				790934B12BD8074900E50583 /* YumemiCodeCheckUITests */,
			);
		};
/* End PBXProject section */

/* Begin PBXResourcesBuildPhase section */
		790934962BD8074800E50583 /* Resources */ = {
			isa = PBXResourcesBuildPhase;
			buildActionMask = 2147483647;
			files = (
				790934A32BD8074900E50583 /* Preview Assets.xcassets in Resources */,
				790934A02BD8074900E50583 /* Assets.xcassets in Resources */,
			);
			runOnlyForDeploymentPostprocessing = 0;
		};
		790934A62BD8074900E50583 /* Resources */ = {
			isa = PBXResourcesBuildPhase;
			buildActionMask = 2147483647;
			files = (
			);
			runOnlyForDeploymentPostprocessing = 0;
		};
		790934B02BD8074900E50583 /* Resources */ = {
			isa = PBXResourcesBuildPhase;
			buildActionMask = 2147483647;
			files = (
			);
			runOnlyForDeploymentPostprocessing = 0;
		};
/* End PBXResourcesBuildPhase section */

/* Begin PBXSourcesBuildPhase section */
		790934942BD8074800E50583 /* Sources */ = {
			isa = PBXSourcesBuildPhase;
			buildActionMask = 2147483647;
			files = (
				790934DC2BDE8A8300E50583 /* YearMonthDay.swift in Sources */,
				790934D22BDE702100E50583 /* Prefecture.swift in Sources */,
				790934E32BDE8F9800E50583 /* PrefectureView.swift in Sources */,
				790934CA2BD943D700E50583 /* PersonInputView.swift in Sources */,
				790934D82BDE771600E50583 /* URLRequestBuilder.swift in Sources */,
				790934CD2BD9479E00E50583 /* ContentViewModel.swift in Sources */,
				7909349E2BD8074800E50583 /* ContentView.swift in Sources */,
				790934DE2BDE8A9D00E50583 /* Blood.swift in Sources */,
				790934D42BDE75D800E50583 /* YumemiAPIRequest.swift in Sources */,
				790934D02BDBA6C800E50583 /* Person.swift in Sources */,
				790934E12BDE8AF000E50583 /* MonthDay.swift in Sources */,
				7909349C2BD8074800E50583 /* YumemiCodeCheckApp.swift in Sources */,
				790934D62BDE76AB00E50583 /* YumemiAPIClient.swift in Sources */,
			);
			runOnlyForDeploymentPostprocessing = 0;
		};
		790934A42BD8074900E50583 /* Sources */ = {
			isa = PBXSourcesBuildPhase;
			buildActionMask = 2147483647;
			files = (
				790934AD2BD8074900E50583 /* YumemiCodeCheckTests.swift in Sources */,
			);
			runOnlyForDeploymentPostprocessing = 0;
		};
		790934AE2BD8074900E50583 /* Sources */ = {
			isa = PBXSourcesBuildPhase;
			buildActionMask = 2147483647;
			files = (
				790934B92BD8074900E50583 /* YumemiCodeCheckUITestsLaunchTests.swift in Sources */,
				790934B72BD8074900E50583 /* YumemiCodeCheckUITests.swift in Sources */,
			);
			runOnlyForDeploymentPostprocessing = 0;
		};
/* End PBXSourcesBuildPhase section */

/* Begin PBXTargetDependency section */
		790934AA2BD8074900E50583 /* PBXTargetDependency */ = {
			isa = PBXTargetDependency;
			target = 790934972BD8074800E50583 /* YumemiCodeCheck */;
			targetProxy = 790934A92BD8074900E50583 /* PBXContainerItemProxy */;
		};
		790934B42BD8074900E50583 /* PBXTargetDependency */ = {
			isa = PBXTargetDependency;
			target = 790934972BD8074800E50583 /* YumemiCodeCheck */;
			targetProxy = 790934B32BD8074900E50583 /* PBXContainerItemProxy */;
		};
		790934C72BD9100E00E50583 /* PBXTargetDependency */ = {
			isa = PBXTargetDependency;
			productRef = 790934C62BD9100E00E50583 /* SwiftLintPlugin */;
		};
/* End PBXTargetDependency section */

/* Begin XCBuildConfiguration section */
		790934BA2BD8074900E50583 /* Debug */ = {
			isa = XCBuildConfiguration;
			buildSettings = {
				ALWAYS_SEARCH_USER_PATHS = NO;
				ASSETCATALOG_COMPILER_GENERATE_SWIFT_ASSET_SYMBOL_EXTENSIONS = YES;
				CLANG_ANALYZER_NONNULL = YES;
				CLANG_ANALYZER_NUMBER_OBJECT_CONVERSION = YES_AGGRESSIVE;
				CLANG_CXX_LANGUAGE_STANDARD = "gnu++20";
				CLANG_ENABLE_MODULES = YES;
				CLANG_ENABLE_OBJC_ARC = YES;
				CLANG_ENABLE_OBJC_WEAK = YES;
				CLANG_WARN_BLOCK_CAPTURE_AUTORELEASING = YES;
				CLANG_WARN_BOOL_CONVERSION = YES;
				CLANG_WARN_COMMA = YES;
				CLANG_WARN_CONSTANT_CONVERSION = YES;
				CLANG_WARN_DEPRECATED_OBJC_IMPLEMENTATIONS = YES;
				CLANG_WARN_DIRECT_OBJC_ISA_USAGE = YES_ERROR;
				CLANG_WARN_DOCUMENTATION_COMMENTS = YES;
				CLANG_WARN_EMPTY_BODY = YES;
				CLANG_WARN_ENUM_CONVERSION = YES;
				CLANG_WARN_INFINITE_RECURSION = YES;
				CLANG_WARN_INT_CONVERSION = YES;
				CLANG_WARN_NON_LITERAL_NULL_CONVERSION = YES;
				CLANG_WARN_OBJC_IMPLICIT_RETAIN_SELF = YES;
				CLANG_WARN_OBJC_LITERAL_CONVERSION = YES;
				CLANG_WARN_OBJC_ROOT_CLASS = YES_ERROR;
				CLANG_WARN_QUOTED_INCLUDE_IN_FRAMEWORK_HEADER = YES;
				CLANG_WARN_RANGE_LOOP_ANALYSIS = YES;
				CLANG_WARN_STRICT_PROTOTYPES = YES;
				CLANG_WARN_SUSPICIOUS_MOVE = YES;
				CLANG_WARN_UNGUARDED_AVAILABILITY = YES_AGGRESSIVE;
				CLANG_WARN_UNREACHABLE_CODE = YES;
				CLANG_WARN__DUPLICATE_METHOD_MATCH = YES;
				COPY_PHASE_STRIP = NO;
				DEBUG_INFORMATION_FORMAT = dwarf;
				ENABLE_STRICT_OBJC_MSGSEND = YES;
				ENABLE_TESTABILITY = YES;
				ENABLE_USER_SCRIPT_SANDBOXING = YES;
				GCC_C_LANGUAGE_STANDARD = gnu17;
				GCC_DYNAMIC_NO_PIC = NO;
				GCC_NO_COMMON_BLOCKS = YES;
				GCC_OPTIMIZATION_LEVEL = 0;
				GCC_PREPROCESSOR_DEFINITIONS = (
					"DEBUG=1",
					"$(inherited)",
				);
				GCC_WARN_64_TO_32_BIT_CONVERSION = YES;
				GCC_WARN_ABOUT_RETURN_TYPE = YES_ERROR;
				GCC_WARN_UNDECLARED_SELECTOR = YES;
				GCC_WARN_UNINITIALIZED_AUTOS = YES_AGGRESSIVE;
				GCC_WARN_UNUSED_FUNCTION = YES;
				GCC_WARN_UNUSED_VARIABLE = YES;
				IPHONEOS_DEPLOYMENT_TARGET = 17.2;
				LOCALIZATION_PREFERS_STRING_CATALOGS = YES;
				MTL_ENABLE_DEBUG_INFO = INCLUDE_SOURCE;
				MTL_FAST_MATH = YES;
				ONLY_ACTIVE_ARCH = YES;
				SDKROOT = iphoneos;
				SWIFT_ACTIVE_COMPILATION_CONDITIONS = "DEBUG $(inherited)";
				SWIFT_OPTIMIZATION_LEVEL = "-Onone";
			};
			name = Debug;
		};
		790934BB2BD8074900E50583 /* Release */ = {
			isa = XCBuildConfiguration;
			buildSettings = {
				ALWAYS_SEARCH_USER_PATHS = NO;
				ASSETCATALOG_COMPILER_GENERATE_SWIFT_ASSET_SYMBOL_EXTENSIONS = YES;
				CLANG_ANALYZER_NONNULL = YES;
				CLANG_ANALYZER_NUMBER_OBJECT_CONVERSION = YES_AGGRESSIVE;
				CLANG_CXX_LANGUAGE_STANDARD = "gnu++20";
				CLANG_ENABLE_MODULES = YES;
				CLANG_ENABLE_OBJC_ARC = YES;
				CLANG_ENABLE_OBJC_WEAK = YES;
				CLANG_WARN_BLOCK_CAPTURE_AUTORELEASING = YES;
				CLANG_WARN_BOOL_CONVERSION = YES;
				CLANG_WARN_COMMA = YES;
				CLANG_WARN_CONSTANT_CONVERSION = YES;
				CLANG_WARN_DEPRECATED_OBJC_IMPLEMENTATIONS = YES;
				CLANG_WARN_DIRECT_OBJC_ISA_USAGE = YES_ERROR;
				CLANG_WARN_DOCUMENTATION_COMMENTS = YES;
				CLANG_WARN_EMPTY_BODY = YES;
				CLANG_WARN_ENUM_CONVERSION = YES;
				CLANG_WARN_INFINITE_RECURSION = YES;
				CLANG_WARN_INT_CONVERSION = YES;
				CLANG_WARN_NON_LITERAL_NULL_CONVERSION = YES;
				CLANG_WARN_OBJC_IMPLICIT_RETAIN_SELF = YES;
				CLANG_WARN_OBJC_LITERAL_CONVERSION = YES;
				CLANG_WARN_OBJC_ROOT_CLASS = YES_ERROR;
				CLANG_WARN_QUOTED_INCLUDE_IN_FRAMEWORK_HEADER = YES;
				CLANG_WARN_RANGE_LOOP_ANALYSIS = YES;
				CLANG_WARN_STRICT_PROTOTYPES = YES;
				CLANG_WARN_SUSPICIOUS_MOVE = YES;
				CLANG_WARN_UNGUARDED_AVAILABILITY = YES_AGGRESSIVE;
				CLANG_WARN_UNREACHABLE_CODE = YES;
				CLANG_WARN__DUPLICATE_METHOD_MATCH = YES;
				COPY_PHASE_STRIP = NO;
				DEBUG_INFORMATION_FORMAT = "dwarf-with-dsym";
				ENABLE_NS_ASSERTIONS = NO;
				ENABLE_STRICT_OBJC_MSGSEND = YES;
				ENABLE_USER_SCRIPT_SANDBOXING = YES;
				GCC_C_LANGUAGE_STANDARD = gnu17;
				GCC_NO_COMMON_BLOCKS = YES;
				GCC_WARN_64_TO_32_BIT_CONVERSION = YES;
				GCC_WARN_ABOUT_RETURN_TYPE = YES_ERROR;
				GCC_WARN_UNDECLARED_SELECTOR = YES;
				GCC_WARN_UNINITIALIZED_AUTOS = YES_AGGRESSIVE;
				GCC_WARN_UNUSED_FUNCTION = YES;
				GCC_WARN_UNUSED_VARIABLE = YES;
				IPHONEOS_DEPLOYMENT_TARGET = 17.2;
				LOCALIZATION_PREFERS_STRING_CATALOGS = YES;
				MTL_ENABLE_DEBUG_INFO = NO;
				MTL_FAST_MATH = YES;
				SDKROOT = iphoneos;
				SWIFT_COMPILATION_MODE = wholemodule;
				VALIDATE_PRODUCT = YES;
			};
			name = Release;
		};
		790934BD2BD8074900E50583 /* Debug */ = {
			isa = XCBuildConfiguration;
			buildSettings = {
				ASSETCATALOG_COMPILER_APPICON_NAME = AppIcon;
				ASSETCATALOG_COMPILER_GLOBAL_ACCENT_COLOR_NAME = AccentColor;
				CODE_SIGN_STYLE = Automatic;
				CURRENT_PROJECT_VERSION = 1;
				DEVELOPMENT_ASSET_PATHS = "\"YumemiCodeCheck/Preview Content\"";
				DEVELOPMENT_TEAM = U478TQMFKZ;
				ENABLE_PREVIEWS = YES;
				GENERATE_INFOPLIST_FILE = YES;
				INFOPLIST_KEY_UIApplicationSceneManifest_Generation = YES;
				INFOPLIST_KEY_UIApplicationSupportsIndirectInputEvents = YES;
				INFOPLIST_KEY_UILaunchScreen_Generation = YES;
				INFOPLIST_KEY_UISupportedInterfaceOrientations = UIInterfaceOrientationPortrait;
				INFOPLIST_KEY_UISupportedInterfaceOrientations_iPad = "UIInterfaceOrientationLandscapeLeft UIInterfaceOrientationLandscapeRight UIInterfaceOrientationPortrait UIInterfaceOrientationPortraitUpsideDown";
				LD_RUNPATH_SEARCH_PATHS = (
					"$(inherited)",
					"@executable_path/Frameworks",
				);
				MARKETING_VERSION = 1.0;
				PRODUCT_BUNDLE_IDENTIFIER = com.YukiMori.YumemiCodeCheck;
				PRODUCT_NAME = "$(TARGET_NAME)";
				SUPPORTED_PLATFORMS = "iphoneos iphonesimulator";
				SUPPORTS_MACCATALYST = NO;
				SUPPORTS_MAC_DESIGNED_FOR_IPHONE_IPAD = NO;
				SUPPORTS_XR_DESIGNED_FOR_IPHONE_IPAD = NO;
				SWIFT_EMIT_LOC_STRINGS = YES;
				SWIFT_VERSION = 5.0;
				TARGETED_DEVICE_FAMILY = 1;
			};
			name = Debug;
		};
		790934BE2BD8074900E50583 /* Release */ = {
			isa = XCBuildConfiguration;
			buildSettings = {
				ASSETCATALOG_COMPILER_APPICON_NAME = AppIcon;
				ASSETCATALOG_COMPILER_GLOBAL_ACCENT_COLOR_NAME = AccentColor;
				CODE_SIGN_STYLE = Automatic;
				CURRENT_PROJECT_VERSION = 1;
				DEVELOPMENT_ASSET_PATHS = "\"YumemiCodeCheck/Preview Content\"";
				DEVELOPMENT_TEAM = U478TQMFKZ;
				ENABLE_PREVIEWS = YES;
				GENERATE_INFOPLIST_FILE = YES;
				INFOPLIST_KEY_UIApplicationSceneManifest_Generation = YES;
				INFOPLIST_KEY_UIApplicationSupportsIndirectInputEvents = YES;
				INFOPLIST_KEY_UILaunchScreen_Generation = YES;
				INFOPLIST_KEY_UISupportedInterfaceOrientations = UIInterfaceOrientationPortrait;
				INFOPLIST_KEY_UISupportedInterfaceOrientations_iPad = "UIInterfaceOrientationLandscapeLeft UIInterfaceOrientationLandscapeRight UIInterfaceOrientationPortrait UIInterfaceOrientationPortraitUpsideDown";
				LD_RUNPATH_SEARCH_PATHS = (
					"$(inherited)",
					"@executable_path/Frameworks",
				);
				MARKETING_VERSION = 1.0;
				PRODUCT_BUNDLE_IDENTIFIER = com.YukiMori.YumemiCodeCheck;
				PRODUCT_NAME = "$(TARGET_NAME)";
				SUPPORTED_PLATFORMS = "iphoneos iphonesimulator";
				SUPPORTS_MACCATALYST = NO;
				SUPPORTS_MAC_DESIGNED_FOR_IPHONE_IPAD = NO;
				SUPPORTS_XR_DESIGNED_FOR_IPHONE_IPAD = NO;
				SWIFT_EMIT_LOC_STRINGS = YES;
				SWIFT_VERSION = 5.0;
				TARGETED_DEVICE_FAMILY = 1;
			};
			name = Release;
		};
		790934C02BD8074900E50583 /* Debug */ = {
			isa = XCBuildConfiguration;
			buildSettings = {
				ALWAYS_EMBED_SWIFT_STANDARD_LIBRARIES = YES;
				BUNDLE_LOADER = "$(TEST_HOST)";
				CODE_SIGN_STYLE = Automatic;
				CURRENT_PROJECT_VERSION = 1;
				DEVELOPMENT_TEAM = U478TQMFKZ;
				GENERATE_INFOPLIST_FILE = YES;
				IPHONEOS_DEPLOYMENT_TARGET = 17.2;
				MARKETING_VERSION = 1.0;
				PRODUCT_BUNDLE_IDENTIFIER = com.YukiMori.YumemiCodeCheckTests;
				PRODUCT_NAME = "$(TARGET_NAME)";
				SWIFT_EMIT_LOC_STRINGS = NO;
				SWIFT_VERSION = 5.0;
				TARGETED_DEVICE_FAMILY = "1,2";
				TEST_HOST = "$(BUILT_PRODUCTS_DIR)/YumemiCodeCheck.app/$(BUNDLE_EXECUTABLE_FOLDER_PATH)/YumemiCodeCheck";
			};
			name = Debug;
		};
		790934C12BD8074900E50583 /* Release */ = {
			isa = XCBuildConfiguration;
			buildSettings = {
				ALWAYS_EMBED_SWIFT_STANDARD_LIBRARIES = YES;
				BUNDLE_LOADER = "$(TEST_HOST)";
				CODE_SIGN_STYLE = Automatic;
				CURRENT_PROJECT_VERSION = 1;
				DEVELOPMENT_TEAM = U478TQMFKZ;
				GENERATE_INFOPLIST_FILE = YES;
				IPHONEOS_DEPLOYMENT_TARGET = 17.2;
				MARKETING_VERSION = 1.0;
				PRODUCT_BUNDLE_IDENTIFIER = com.YukiMori.YumemiCodeCheckTests;
				PRODUCT_NAME = "$(TARGET_NAME)";
				SWIFT_EMIT_LOC_STRINGS = NO;
				SWIFT_VERSION = 5.0;
				TARGETED_DEVICE_FAMILY = "1,2";
				TEST_HOST = "$(BUILT_PRODUCTS_DIR)/YumemiCodeCheck.app/$(BUNDLE_EXECUTABLE_FOLDER_PATH)/YumemiCodeCheck";
			};
			name = Release;
		};
		790934C32BD8074900E50583 /* Debug */ = {
			isa = XCBuildConfiguration;
			buildSettings = {
				ALWAYS_EMBED_SWIFT_STANDARD_LIBRARIES = YES;
				CODE_SIGN_STYLE = Automatic;
				CURRENT_PROJECT_VERSION = 1;
				DEVELOPMENT_TEAM = U478TQMFKZ;
				GENERATE_INFOPLIST_FILE = YES;
				MARKETING_VERSION = 1.0;
				PRODUCT_BUNDLE_IDENTIFIER = com.YukiMori.YumemiCodeCheckUITests;
				PRODUCT_NAME = "$(TARGET_NAME)";
				SWIFT_EMIT_LOC_STRINGS = NO;
				SWIFT_VERSION = 5.0;
				TARGETED_DEVICE_FAMILY = "1,2";
				TEST_TARGET_NAME = YumemiCodeCheck;
			};
			name = Debug;
		};
		790934C42BD8074900E50583 /* Release */ = {
			isa = XCBuildConfiguration;
			buildSettings = {
				ALWAYS_EMBED_SWIFT_STANDARD_LIBRARIES = YES;
				CODE_SIGN_STYLE = Automatic;
				CURRENT_PROJECT_VERSION = 1;
				DEVELOPMENT_TEAM = U478TQMFKZ;
				GENERATE_INFOPLIST_FILE = YES;
				MARKETING_VERSION = 1.0;
				PRODUCT_BUNDLE_IDENTIFIER = com.YukiMori.YumemiCodeCheckUITests;
				PRODUCT_NAME = "$(TARGET_NAME)";
				SWIFT_EMIT_LOC_STRINGS = NO;
				SWIFT_VERSION = 5.0;
				TARGETED_DEVICE_FAMILY = "1,2";
				TEST_TARGET_NAME = YumemiCodeCheck;
			};
			name = Release;
		};
/* End XCBuildConfiguration section */

/* Begin XCConfigurationList section */
		790934932BD8074800E50583 /* Build configuration list for PBXProject "YumemiCodeCheck" */ = {
			isa = XCConfigurationList;
			buildConfigurations = (
				790934BA2BD8074900E50583 /* Debug */,
				790934BB2BD8074900E50583 /* Release */,
			);
			defaultConfigurationIsVisible = 0;
			defaultConfigurationName = Release;
		};
		790934BC2BD8074900E50583 /* Build configuration list for PBXNativeTarget "YumemiCodeCheck" */ = {
			isa = XCConfigurationList;
			buildConfigurations = (
				790934BD2BD8074900E50583 /* Debug */,
				790934BE2BD8074900E50583 /* Release */,
			);
			defaultConfigurationIsVisible = 0;
			defaultConfigurationName = Release;
		};
		790934BF2BD8074900E50583 /* Build configuration list for PBXNativeTarget "YumemiCodeCheckTests" */ = {
			isa = XCConfigurationList;
			buildConfigurations = (
				790934C02BD8074900E50583 /* Debug */,
				790934C12BD8074900E50583 /* Release */,
			);
			defaultConfigurationIsVisible = 0;
			defaultConfigurationName = Release;
		};
		790934C22BD8074900E50583 /* Build configuration list for PBXNativeTarget "YumemiCodeCheckUITests" */ = {
			isa = XCConfigurationList;
			buildConfigurations = (
				790934C32BD8074900E50583 /* Debug */,
				790934C42BD8074900E50583 /* Release */,
			);
			defaultConfigurationIsVisible = 0;
			defaultConfigurationName = Release;
		};
/* End XCConfigurationList section */

/* Begin XCRemoteSwiftPackageReference section */
		790934C52BD90D0C00E50583 /* XCRemoteSwiftPackageReference "SwiftLint" */ = {
			isa = XCRemoteSwiftPackageReference;
			repositoryURL = "https://github.com/realm/SwiftLint";
			requirement = {
				kind = upToNextMajorVersion;
				minimumVersion = 0.54.0;
			};
		};
/* End XCRemoteSwiftPackageReference section */

/* Begin XCSwiftPackageProductDependency section */
		790934C62BD9100E00E50583 /* SwiftLintPlugin */ = {
			isa = XCSwiftPackageProductDependency;
			package = 790934C52BD90D0C00E50583 /* XCRemoteSwiftPackageReference "SwiftLint" */;
			productName = "plugin:SwiftLintPlugin";
		};
/* End XCSwiftPackageProductDependency section */
	};
	rootObject = 790934902BD8074800E50583 /* Project object */;
}
